
Microsoft Visual Studio Solution File, Format Version 12.00
# Visual Studio Version 17
VisualStudioVersion = 17.1.32210.238
MinimumVisualStudioVersion = 10.0.40219.1
Project("{8BC9CEB8-8B4A-11D0-8D11-00A0C91BC942}") = "software_development_technology_course_work", "software_development_technology_course_work\software_development_technology_course_work.vcxproj", "{1D645913-8409-4AE3-BF19-CEC5A948F006}"
EndProject
Global
	GlobalSection(SolutionConfigurationPlatforms) = preSolution
		Debug|x64 = Debug|x64
		Debug|x86 = Debug|x86
		Release|x64 = Release|x64
		Release|x86 = Release|x86
	EndGlobalSection
	GlobalSection(ProjectConfigurationPlatforms) = postSolution
		{1D645913-8409-4AE3-BF19-CEC5A948F006}.Debug|x64.ActiveCfg = Debug|x64
		{1D645913-8409-4AE3-BF19-CEC5A948F006}.Debug|x64.Build.0 = Debug|x64
		{1D645913-8409-4AE3-BF19-CEC5A948F006}.Debug|x86.ActiveCfg = Debug|Win32
		{1D645913-8409-4AE3-BF19-CEC5A948F006}.Debug|x86.Build.0 = Debug|Win32
		{1D645913-8409-4AE3-BF19-CEC5A948F006}.Release|x64.ActiveCfg = Release|x64
		{1D645913-8409-4AE3-BF19-CEC5A948F006}.Release|x64.Build.0 = Release|x64
		{1D645913-8409-4AE3-BF19-CEC5A948F006}.Release|x86.ActiveCfg = Release|Win32
		{1D645913-8409-4AE3-BF19-CEC5A948F006}.Release|x86.Build.0 = Release|Win32
	EndGlobalSection
	GlobalSection(SolutionProperties) = preSolution
		HideSolutionNode = FALSE
	EndGlobalSection
	GlobalSection(ExtensibilityGlobals) = postSolution
		SolutionGuid = {2DA3A252-91A6-4963-B6BC-BC80975A3EDA}
	EndGlobalSection
EndGlobal
